{
  "name": "grind_irl",
  "version": "1.0.0",
  "lockfileVersion": 3,
  "requires": true,
  "packages": {
    "": {
      "name": "grind_irl",
      "version": "1.0.0",
      "license": "ISC",
      "dependencies": {
        "react": "^19.2.4",
        "zustand": "^5.0.12"
      }
    },
    "node_modules/react": {
      "version": "19.2.4",
      "resolved": "https://registry.npmjs.org/react/-/react-19.2.4.tgz",
      "integrity": "sha512-9nfp2hYpCwOjAN+8TZFGhtWEwgvWHXqESH8qT89AT/lWklpLON22Lc8pEtnpsZz7VmawabSU0gCjnj8aC0euHQ==",
      "license": "MIT",
      "engines": {
        "node": ">=0.10.0"
      }
    },
    "node_modules/zustand": {
      "version": "5.0.12",
      "resolved": "https://registry.npmjs.org/zustand/-/zustand-5.0.12.tgz",
      "integrity": "sha512-i77ae3aZq4dhMlRhJVCYgMLKuSiZAaUPAct2AksxQ+gOtimhGMdXljRT21P5BNpeT4kXlLIckvkPM029OljD7g==",
      "license": "MIT",
      "engines": {
        "node": ">=12.20.0"
      },
      "peerDependencies": {
        "@types/react": ">=18.0.0",
        "immer": ">=9.0.6",
        "react": ">=18.0.0",
        "use-sync-external-store": ">=1.2.0"
      },
      "peerDependenciesMeta": {
        "@types/react": {
          "optional": true
        },
        "immer": {
          "optional": true
        },
        "react": {
          "optional": true
        },
        "use-sync-external-store": {
          "optional": true
        }
      }
    }
  }
}
